# This file is automatically @generated by Cargo.
# It is not intended for manual editing.
version = 3

[[package]]
name = "bumpalo"
version = "3.8.0"
source = "registry+https://github.com/rust-lang/crates.io-index"
checksum = "8f1e260c3a9040a7c19a12468758f4c16f31a81a1fe087482be9570ec864bb6c"

[[package]]
name = "lelwel"
version = "0.4.1"
dependencies = [
 "bumpalo",
]

[[package]]
name = "lelwel-json"
version = "1.0.0"
dependencies = [
 "lelwel",
]
